
Microsoft Visual Studio Solution File, Format Version 12.00
# Visual Studio Version 16
VisualStudioVersion = 16.0.31911.196
MinimumVisualStudioVersion = 10.0.40219.1
Project("{FAE04EC0-301F-11D3-BF4B-00C04F79EFBC}") = "SimpleCrudApp", "SimpleCrudApp\SimpleCrudApp.csproj", "{F063CA9A-54D3-4E4A-8973-D63D5ED94ACE}"
EndProject
Global
	GlobalSection(SolutionConfigurationPlatforms) = preSolution
		Debug|Any CPU = Debug|Any CPU
		Release|Any CPU = Release|Any CPU
	EndGlobalSection
	GlobalSection(ProjectConfigurationPlatforms) = postSolution
		{F063CA9A-54D3-4E4A-8973-D63D5ED94ACE}.Debug|Any CPU.ActiveCfg = Debug|Any CPU
		{F063CA9A-54D3-4E4A-8973-D63D5ED94ACE}.Debug|Any CPU.Build.0 = Debug|Any CPU
		{F063CA9A-54D3-4E4A-8973-D63D5ED94ACE}.Release|Any CPU.ActiveCfg = Release|Any CPU
		{F063CA9A-54D3-4E4A-8973-D63D5ED94ACE}.Release|Any CPU.Build.0 = Release|Any CPU
	EndGlobalSection
	GlobalSection(SolutionProperties) = preSolution
		HideSolutionNode = FALSE
	EndGlobalSection
	GlobalSection(ExtensibilityGlobals) = postSolution
		SolutionGuid = {8EA565B8-462F-4024-94D4-48354E24942F}
	EndGlobalSection
EndGlobal
